PODS:
  - Alamofire (5.4.4)
  - ARVideoKit (1.5.51)
  - Charts (3.6.0):
    - Charts/Core (= 3.6.0)
  - Charts/Core (3.6.0)
  - Fuse (1.4.0)
  - Glideshow (1.1.1)
  - MJRefresh (3.5.0)
  - SDWebImage (5.12.1):
    - SDWebImage/Core (= 5.12.1)
  - SDWebImage/Core (5.12.1)
  - SnapKit (5.0.1)
  - SwiftEntryKit (2.0.0)
  - SwiftyJSON (4.3.0)
  - SwiftyPickerPopover (6.6.6)

DEPENDENCIES:
  - Alamofire (~> 5.2)
  - ARVideoKit (~> 1.5.51)
  - Charts
  - Fuse
  - Glideshow
  - MJRefresh (~> 3.5.0)
  - SDWebImage (~> 5.0)
  - SnapKit (~> 5.0.0)
  - SwiftEntryKit (~> 2.0.0)
  - SwiftyJSON (~> 4.0)
  - SwiftyPickerPopover

SPEC REPOS:
  trunk:
    - Alamofire
    - ARVideoKit
    - Charts
    - Fuse
    - Glideshow
    - MJRefresh
    - SDWebImage
    - SnapKit
    - SwiftEntryKit
    - SwiftyJSON
    - SwiftyPickerPopover

SPEC CHECKSUMS:
  Alamofire: f3b09a368f1582ab751b3fff5460276e0d2cf5c9
  ARVideoKit: cd70e1e49e042ed4a88fb59964c17520e34f7f5b
  Charts: b1e3a1f5a1c9ba5394438ca3b91bd8c9076310af
  Fuse: 48eaf66d0c407c7f8b0ddb168888dc4637e87f14
  Glideshow: 18fc1e06af4381db3fd66138727e4a768b231ca8
  MJRefresh: 6afc955813966afb08305477dd7a0d9ad5e79a16
  SDWebImage: 4dc3e42d9ec0c1028b960a33ac6b637bb432207b
  SnapKit: 97b92857e3df3a0c71833cce143274bf6ef8e5eb
  SwiftEntryKit: 61b5fa36f34a97dd8013e48a7345bc4c4720be9a
  SwiftyJSON: 6faa0040f8b59dead0ee07436cbf76b73c08fd08
  SwiftyPickerPopover: a402960a6687c911ffcb4e9fb282a1bc61186ab4

PODFILE CHECKSUM: b193aa0511b949794f1c0ef839448fa67ede4b73

COCOAPODS: 1.11.2
