PODS:
  - Alamofire (5.4.4)
  - ARVideoKit (1.5.51)
  - Charts (3.6.0):
    - Charts/Core (= 3.6.0)
  - Charts/Core (3.6.0)
  - Cosmos (23.0.0)
  - ExpandableLabel (0.5.2)
  - Fuse (1.4.0)
  - MJRefresh (3.5.0)
  - Presentr (1.9)
  - SDWebImage (5.12.1):
    - SDWebImage/Core (= 5.12.1)
  - SDWebImage/Core (5.12.1)
  - SideMenu (6.5.0)
  - SnapKit (5.0.1)
  - SwiftEntryKit (2.0.0)
  - SwiftyJSON (4.3.0)
  - UIImageColors (2.1.0)

DEPENDENCIES:
  - Alamofire (~> 5.2)
  - ARVideoKit (~> 1.5.51)
  - Charts
  - Cosmos (~> 23.0)
  - ExpandableLabel
  - Fuse
  - MJRefresh (~> 3.5.0)
  - Presentr
  - SDWebImage (~> 5.0)
  - SideMenu
  - SnapKit (~> 5.0.0)
  - SwiftEntryKit (~> 2.0.0)
  - SwiftyJSON (~> 4.0)
  - UIImageColors

SPEC REPOS:
  trunk:
    - Alamofire
    - ARVideoKit
    - Charts
    - Cosmos
    - ExpandableLabel
    - Fuse
    - MJRefresh
    - Presentr
    - SDWebImage
    - SideMenu
    - SnapKit
    - SwiftEntryKit
    - SwiftyJSON
    - UIImageColors

SPEC CHECKSUMS:
  Alamofire: f3b09a368f1582ab751b3fff5460276e0d2cf5c9
  ARVideoKit: cd70e1e49e042ed4a88fb59964c17520e34f7f5b
  Charts: b1e3a1f5a1c9ba5394438ca3b91bd8c9076310af
  Cosmos: b5c6a9a637e28a061b54c8f8b1d8529d7d4db73f
  ExpandableLabel: c2fab6d27860c572d67134b30522a5917746171d
  Fuse: 48eaf66d0c407c7f8b0ddb168888dc4637e87f14
  MJRefresh: 6afc955813966afb08305477dd7a0d9ad5e79a16
  Presentr: 7078d7eb5d1661ebeaae60c9e42a1e534de1b993
  SDWebImage: 4dc3e42d9ec0c1028b960a33ac6b637bb432207b
  SideMenu: f583187d21c5b1dd04c72002be544b555a2627a2
  SnapKit: 97b92857e3df3a0c71833cce143274bf6ef8e5eb
  SwiftEntryKit: 61b5fa36f34a97dd8013e48a7345bc4c4720be9a
  SwiftyJSON: 6faa0040f8b59dead0ee07436cbf76b73c08fd08
  UIImageColors: d2ef3b0877d203cbb06489eeb78ea8b7788caabe

PODFILE CHECKSUM: 5d6a28737676abc71477aa99be2180c7c742e0d8

COCOAPODS: 1.11.2
